
Microsoft Visual Studio Solution File, Format Version 12.00
# Visual Studio 15
VisualStudioVersion = 15.0.28010.2026
MinimumVisualStudioVersion = 10.0.40219.1
Project("{FAE04EC0-301F-11D3-BF4B-00C04F79EFBC}") = "COM123-S2019-LAB10-300943385", "COM123-S2019-LAB10-300943385\COM123-S2019-LAB10-300943385.csproj", "{8FE9D47A-D381-4CC6-A730-4ED6DE5A0187}"
EndProject
Global
	GlobalSection(SolutionConfigurationPlatforms) = preSolution
		Debug|Any CPU = Debug|Any CPU
		Release|Any CPU = Release|Any CPU
	EndGlobalSection
	GlobalSection(ProjectConfigurationPlatforms) = postSolution
		{8FE9D47A-D381-4CC6-A730-4ED6DE5A0187}.Debug|Any CPU.ActiveCfg = Debug|Any CPU
		{8FE9D47A-D381-4CC6-A730-4ED6DE5A0187}.Debug|Any CPU.Build.0 = Debug|Any CPU
		{8FE9D47A-D381-4CC6-A730-4ED6DE5A0187}.Release|Any CPU.ActiveCfg = Release|Any CPU
		{8FE9D47A-D381-4CC6-A730-4ED6DE5A0187}.Release|Any CPU.Build.0 = Release|Any CPU
	EndGlobalSection
	GlobalSection(SolutionProperties) = preSolution
		HideSolutionNode = FALSE
	EndGlobalSection
	GlobalSection(ExtensibilityGlobals) = postSolution
		SolutionGuid = {D6A6F219-2CD7-4366-93D8-8D1221472E65}
	EndGlobalSection
EndGlobal
