
Microsoft Visual Studio Solution File, Format Version 12.00
# Visual Studio 15
VisualStudioVersion = 15.0.28010.2046
MinimumVisualStudioVersion = 10.0.40219.1
Project("{FAE04EC0-301F-11D3-BF4B-00C04F79EFBC}") = "ConsoleApp1", "ConsoleApp1\ConsoleApp1.csproj", "{26482CC3-676B-48D9-8D02-95F5D1179BEC}"
EndProject
Project("{FAE04EC0-301F-11D3-BF4B-00C04F79EFBC}") = "ConsoleApp2", "ConsoleApp2\ConsoleApp2.csproj", "{73DF00DA-D5DE-4A11-9EE6-658B171567DF}"
EndProject
Global
	GlobalSection(SolutionConfigurationPlatforms) = preSolution
		Debug|Any CPU = Debug|Any CPU
		Debug|ARM = Debug|ARM
		Debug|x64 = Debug|x64
		Debug|x86 = Debug|x86
		Release|Any CPU = Release|Any CPU
		Release|ARM = Release|ARM
		Release|x64 = Release|x64
		Release|x86 = Release|x86
	EndGlobalSection
	GlobalSection(ProjectConfigurationPlatforms) = postSolution
		{26482CC3-676B-48D9-8D02-95F5D1179BEC}.Debug|Any CPU.ActiveCfg = Debug|Any CPU
		{26482CC3-676B-48D9-8D02-95F5D1179BEC}.Debug|Any CPU.Build.0 = Debug|Any CPU
		{26482CC3-676B-48D9-8D02-95F5D1179BEC}.Debug|ARM.ActiveCfg = Debug|Any CPU
		{26482CC3-676B-48D9-8D02-95F5D1179BEC}.Debug|ARM.Build.0 = Debug|Any CPU
		{26482CC3-676B-48D9-8D02-95F5D1179BEC}.Debug|x64.ActiveCfg = Debug|Any CPU
		{26482CC3-676B-48D9-8D02-95F5D1179BEC}.Debug|x64.Build.0 = Debug|Any CPU
		{26482CC3-676B-48D9-8D02-95F5D1179BEC}.Debug|x86.ActiveCfg = Debug|Any CPU
		{26482CC3-676B-48D9-8D02-95F5D1179BEC}.Debug|x86.Build.0 = Debug|Any CPU
		{26482CC3-676B-48D9-8D02-95F5D1179BEC}.Release|Any CPU.ActiveCfg = Release|Any CPU
		{26482CC3-676B-48D9-8D02-95F5D1179BEC}.Release|Any CPU.Build.0 = Release|Any CPU
		{26482CC3-676B-48D9-8D02-95F5D1179BEC}.Release|ARM.ActiveCfg = Release|Any CPU
		{26482CC3-676B-48D9-8D02-95F5D1179BEC}.Release|ARM.Build.0 = Release|Any CPU
		{26482CC3-676B-48D9-8D02-95F5D1179BEC}.Release|x64.ActiveCfg = Release|Any CPU
		{26482CC3-676B-48D9-8D02-95F5D1179BEC}.Release|x64.Build.0 = Release|Any CPU
		{26482CC3-676B-48D9-8D02-95F5D1179BEC}.Release|x86.ActiveCfg = Release|Any CPU
		{26482CC3-676B-48D9-8D02-95F5D1179BEC}.Release|x86.Build.0 = Release|Any CPU
		{73DF00DA-D5DE-4A11-9EE6-658B171567DF}.Debug|Any CPU.ActiveCfg = Debug|Any CPU
		{73DF00DA-D5DE-4A11-9EE6-658B171567DF}.Debug|Any CPU.Build.0 = Debug|Any CPU
		{73DF00DA-D5DE-4A11-9EE6-658B171567DF}.Debug|ARM.ActiveCfg = Debug|Any CPU
		{73DF00DA-D5DE-4A11-9EE6-658B171567DF}.Debug|ARM.Build.0 = Debug|Any CPU
		{73DF00DA-D5DE-4A11-9EE6-658B171567DF}.Debug|x64.ActiveCfg = Debug|Any CPU
		{73DF00DA-D5DE-4A11-9EE6-658B171567DF}.Debug|x64.Build.0 = Debug|Any CPU
		{73DF00DA-D5DE-4A11-9EE6-658B171567DF}.Debug|x86.ActiveCfg = Debug|Any CPU
		{73DF00DA-D5DE-4A11-9EE6-658B171567DF}.Debug|x86.Build.0 = Debug|Any CPU
		{73DF00DA-D5DE-4A11-9EE6-658B171567DF}.Release|Any CPU.ActiveCfg = Release|Any CPU
		{73DF00DA-D5DE-4A11-9EE6-658B171567DF}.Release|Any CPU.Build.0 = Release|Any CPU
		{73DF00DA-D5DE-4A11-9EE6-658B171567DF}.Release|ARM.ActiveCfg = Release|Any CPU
		{73DF00DA-D5DE-4A11-9EE6-658B171567DF}.Release|ARM.Build.0 = Release|Any CPU
		{73DF00DA-D5DE-4A11-9EE6-658B171567DF}.Release|x64.ActiveCfg = Release|Any CPU
		{73DF00DA-D5DE-4A11-9EE6-658B171567DF}.Release|x64.Build.0 = Release|Any CPU
		{73DF00DA-D5DE-4A11-9EE6-658B171567DF}.Release|x86.ActiveCfg = Release|Any CPU
		{73DF00DA-D5DE-4A11-9EE6-658B171567DF}.Release|x86.Build.0 = Release|Any CPU
	EndGlobalSection
	GlobalSection(SolutionProperties) = preSolution
		HideSolutionNode = FALSE
	EndGlobalSection
	GlobalSection(ExtensibilityGlobals) = postSolution
		SolutionGuid = {2B9AB63D-7D12-4418-B7AC-131923636E56}
	EndGlobalSection
EndGlobal
