
Microsoft Visual Studio Solution File, Format Version 12.00
# Visual Studio 14
VisualStudioVersion = 14.0.25123.0
MinimumVisualStudioVersion = 10.0.40219.1
Project("{FAE04EC0-301F-11D3-BF4B-00C04F79EFBC}") = "Q1_Names", "Q1_Names\Q1_Names.csproj", "{9AB266E0-1D4A-4741-8EC4-998CDA63B955}"
EndProject
Project("{FAE04EC0-301F-11D3-BF4B-00C04F79EFBC}") = "Q2_Siblings", "Q2_Siblings\Q2_Siblings.csproj", "{79BE7612-9E6E-4C8F-B66E-B91BE85CBBC5}"
EndProject
Project("{FAE04EC0-301F-11D3-BF4B-00C04F79EFBC}") = "Q2_NetPay", "Q2_NetPay\Q2_NetPay.csproj", "{C44D4429-BE33-4F95-9B71-99009328AFE1}"
EndProject
Global
	GlobalSection(SolutionConfigurationPlatforms) = preSolution
		Debug|Any CPU = Debug|Any CPU
		Release|Any CPU = Release|Any CPU
	EndGlobalSection
	GlobalSection(ProjectConfigurationPlatforms) = postSolution
		{9AB266E0-1D4A-4741-8EC4-998CDA63B955}.Debug|Any CPU.ActiveCfg = Debug|Any CPU
		{9AB266E0-1D4A-4741-8EC4-998CDA63B955}.Debug|Any CPU.Build.0 = Debug|Any CPU
		{9AB266E0-1D4A-4741-8EC4-998CDA63B955}.Release|Any CPU.ActiveCfg = Release|Any CPU
		{9AB266E0-1D4A-4741-8EC4-998CDA63B955}.Release|Any CPU.Build.0 = Release|Any CPU
		{79BE7612-9E6E-4C8F-B66E-B91BE85CBBC5}.Debug|Any CPU.ActiveCfg = Debug|Any CPU
		{79BE7612-9E6E-4C8F-B66E-B91BE85CBBC5}.Debug|Any CPU.Build.0 = Debug|Any CPU
		{79BE7612-9E6E-4C8F-B66E-B91BE85CBBC5}.Release|Any CPU.ActiveCfg = Release|Any CPU
		{79BE7612-9E6E-4C8F-B66E-B91BE85CBBC5}.Release|Any CPU.Build.0 = Release|Any CPU
		{C44D4429-BE33-4F95-9B71-99009328AFE1}.Debug|Any CPU.ActiveCfg = Debug|Any CPU
		{C44D4429-BE33-4F95-9B71-99009328AFE1}.Debug|Any CPU.Build.0 = Debug|Any CPU
		{C44D4429-BE33-4F95-9B71-99009328AFE1}.Release|Any CPU.ActiveCfg = Release|Any CPU
		{C44D4429-BE33-4F95-9B71-99009328AFE1}.Release|Any CPU.Build.0 = Release|Any CPU
	EndGlobalSection
	GlobalSection(SolutionProperties) = preSolution
		HideSolutionNode = FALSE
	EndGlobalSection
EndGlobal
