
Microsoft Visual Studio Solution File, Format Version 12.00
# Visual Studio 15
VisualStudioVersion = 15.0.28010.2026
MinimumVisualStudioVersion = 10.0.40219.1
Project("{FAE04EC0-301F-11D3-BF4B-00C04F79EFBC}") = "finalrevision", "finalrevision\finalrevision.csproj", "{B31C917E-0B17-4377-B4DB-A93601FD81E9}"
EndProject
Project("{FAE04EC0-301F-11D3-BF4B-00C04F79EFBC}") = "part2", "part2\part2.csproj", "{64F248F6-7964-4713-A33F-6695C3CFC015}"
EndProject
Global
	GlobalSection(SolutionConfigurationPlatforms) = preSolution
		Debug|Any CPU = Debug|Any CPU
		Release|Any CPU = Release|Any CPU
	EndGlobalSection
	GlobalSection(ProjectConfigurationPlatforms) = postSolution
		{B31C917E-0B17-4377-B4DB-A93601FD81E9}.Debug|Any CPU.ActiveCfg = Debug|Any CPU
		{B31C917E-0B17-4377-B4DB-A93601FD81E9}.Debug|Any CPU.Build.0 = Debug|Any CPU
		{B31C917E-0B17-4377-B4DB-A93601FD81E9}.Release|Any CPU.ActiveCfg = Release|Any CPU
		{B31C917E-0B17-4377-B4DB-A93601FD81E9}.Release|Any CPU.Build.0 = Release|Any CPU
		{64F248F6-7964-4713-A33F-6695C3CFC015}.Debug|Any CPU.ActiveCfg = Debug|Any CPU
		{64F248F6-7964-4713-A33F-6695C3CFC015}.Debug|Any CPU.Build.0 = Debug|Any CPU
		{64F248F6-7964-4713-A33F-6695C3CFC015}.Release|Any CPU.ActiveCfg = Release|Any CPU
		{64F248F6-7964-4713-A33F-6695C3CFC015}.Release|Any CPU.Build.0 = Release|Any CPU
	EndGlobalSection
	GlobalSection(SolutionProperties) = preSolution
		HideSolutionNode = FALSE
	EndGlobalSection
	GlobalSection(ExtensibilityGlobals) = postSolution
		SolutionGuid = {37C0BA82-CCDE-4D09-B75B-528560675013}
	EndGlobalSection
EndGlobal
