
Microsoft Visual Studio Solution File, Format Version 12.00
# Visual Studio 15
VisualStudioVersion = 15.0.27130.2036
MinimumVisualStudioVersion = 10.0.40219.1
Project("{FAE04EC0-301F-11D3-BF4B-00C04F79EFBC}") = "Xiaohui-Hao_Sec004_COMP123_Mid-term", "Xiaohui-Hao_Sec004_COMP123_Mid-term\Xiaohui-Hao_Sec004_COMP123_Mid-term.csproj", "{AD3F8045-9F1A-42B1-9A71-95CB493F70F6}"
EndProject
Global
	GlobalSection(SolutionConfigurationPlatforms) = preSolution
		Debug|Any CPU = Debug|Any CPU
		Release|Any CPU = Release|Any CPU
	EndGlobalSection
	GlobalSection(ProjectConfigurationPlatforms) = postSolution
		{AD3F8045-9F1A-42B1-9A71-95CB493F70F6}.Debug|Any CPU.ActiveCfg = Debug|Any CPU
		{AD3F8045-9F1A-42B1-9A71-95CB493F70F6}.Debug|Any CPU.Build.0 = Debug|Any CPU
		{AD3F8045-9F1A-42B1-9A71-95CB493F70F6}.Release|Any CPU.ActiveCfg = Release|Any CPU
		{AD3F8045-9F1A-42B1-9A71-95CB493F70F6}.Release|Any CPU.Build.0 = Release|Any CPU
	EndGlobalSection
	GlobalSection(SolutionProperties) = preSolution
		HideSolutionNode = FALSE
	EndGlobalSection
	GlobalSection(ExtensibilityGlobals) = postSolution
		SolutionGuid = {27E43DF2-0478-4AB6-A33B-C1F3F68B9081}
	EndGlobalSection
EndGlobal
