
Microsoft Visual Studio Solution File, Format Version 12.00
# Visual Studio 15
VisualStudioVersion = 15.0.27130.2027
MinimumVisualStudioVersion = 10.0.40219.1
Project("{FAE04EC0-301F-11D3-BF4B-00C04F79EFBC}") = "Q_1", "Q_1\Q_1.csproj", "{30557E57-427C-40C1-8895-DA2397812211}"
EndProject
Project("{FAE04EC0-301F-11D3-BF4B-00C04F79EFBC}") = "Q_2", "Q_2\Q_2.csproj", "{71C09890-AB4F-4E75-BC31-8CD368695DEE}"
EndProject
Project("{FAE04EC0-301F-11D3-BF4B-00C04F79EFBC}") = "Q_3", "Q_3\Q_3.csproj", "{C906A23B-6AA6-4ECB-BDB9-5DD65411DABA}"
EndProject
Project("{FAE04EC0-301F-11D3-BF4B-00C04F79EFBC}") = "Q_4", "Q_4\Q_4.csproj", "{1ADE7871-7523-4867-BB3A-31D690E0CA1B}"
EndProject
Project("{FAE04EC0-301F-11D3-BF4B-00C04F79EFBC}") = "Q_5", "Q_5\Q_5.csproj", "{AB99A82D-A046-4FFA-958F-F37E59F0896F}"
EndProject
Global
	GlobalSection(SolutionConfigurationPlatforms) = preSolution
		Debug|Any CPU = Debug|Any CPU
		Release|Any CPU = Release|Any CPU
	EndGlobalSection
	GlobalSection(ProjectConfigurationPlatforms) = postSolution
		{30557E57-427C-40C1-8895-DA2397812211}.Debug|Any CPU.ActiveCfg = Debug|Any CPU
		{30557E57-427C-40C1-8895-DA2397812211}.Debug|Any CPU.Build.0 = Debug|Any CPU
		{30557E57-427C-40C1-8895-DA2397812211}.Release|Any CPU.ActiveCfg = Release|Any CPU
		{30557E57-427C-40C1-8895-DA2397812211}.Release|Any CPU.Build.0 = Release|Any CPU
		{71C09890-AB4F-4E75-BC31-8CD368695DEE}.Debug|Any CPU.ActiveCfg = Debug|Any CPU
		{71C09890-AB4F-4E75-BC31-8CD368695DEE}.Debug|Any CPU.Build.0 = Debug|Any CPU
		{71C09890-AB4F-4E75-BC31-8CD368695DEE}.Release|Any CPU.ActiveCfg = Release|Any CPU
		{71C09890-AB4F-4E75-BC31-8CD368695DEE}.Release|Any CPU.Build.0 = Release|Any CPU
		{C906A23B-6AA6-4ECB-BDB9-5DD65411DABA}.Debug|Any CPU.ActiveCfg = Debug|Any CPU
		{C906A23B-6AA6-4ECB-BDB9-5DD65411DABA}.Debug|Any CPU.Build.0 = Debug|Any CPU
		{C906A23B-6AA6-4ECB-BDB9-5DD65411DABA}.Release|Any CPU.ActiveCfg = Release|Any CPU
		{C906A23B-6AA6-4ECB-BDB9-5DD65411DABA}.Release|Any CPU.Build.0 = Release|Any CPU
		{1ADE7871-7523-4867-BB3A-31D690E0CA1B}.Debug|Any CPU.ActiveCfg = Debug|Any CPU
		{1ADE7871-7523-4867-BB3A-31D690E0CA1B}.Debug|Any CPU.Build.0 = Debug|Any CPU
		{1ADE7871-7523-4867-BB3A-31D690E0CA1B}.Release|Any CPU.ActiveCfg = Release|Any CPU
		{1ADE7871-7523-4867-BB3A-31D690E0CA1B}.Release|Any CPU.Build.0 = Release|Any CPU
		{AB99A82D-A046-4FFA-958F-F37E59F0896F}.Debug|Any CPU.ActiveCfg = Debug|Any CPU
		{AB99A82D-A046-4FFA-958F-F37E59F0896F}.Debug|Any CPU.Build.0 = Debug|Any CPU
		{AB99A82D-A046-4FFA-958F-F37E59F0896F}.Release|Any CPU.ActiveCfg = Release|Any CPU
		{AB99A82D-A046-4FFA-958F-F37E59F0896F}.Release|Any CPU.Build.0 = Release|Any CPU
	EndGlobalSection
	GlobalSection(SolutionProperties) = preSolution
		HideSolutionNode = FALSE
	EndGlobalSection
	GlobalSection(ExtensibilityGlobals) = postSolution
		SolutionGuid = {9FFF96EE-48E7-44E0-8409-7748AB23111A}
	EndGlobalSection
EndGlobal
