
Microsoft Visual Studio Solution File, Format Version 12.00
# Visual Studio 15
VisualStudioVersion = 15.0.28010.2036
MinimumVisualStudioVersion = 10.0.40219.1
Project("{FAE04EC0-301F-11D3-BF4B-00C04F79EFBC}") = "Exercise1", "Exercise1\Exercise1.csproj", "{F1404DAC-CDFB-41E1-9B39-AA491914BA3E}"
EndProject
Project("{FAE04EC0-301F-11D3-BF4B-00C04F79EFBC}") = "Exercise2", "Exercise2\Exercise2.csproj", "{902F2839-879C-4721-A195-757DA60FCA64}"
EndProject
Project("{FAE04EC0-301F-11D3-BF4B-00C04F79EFBC}") = "Exercise3", "Exercise3\Exercise3.csproj", "{CBE13CA4-5EE1-4472-8E73-74F8F12D2E39}"
EndProject
Global
	GlobalSection(SolutionConfigurationPlatforms) = preSolution
		Debug|Any CPU = Debug|Any CPU
		Release|Any CPU = Release|Any CPU
	EndGlobalSection
	GlobalSection(ProjectConfigurationPlatforms) = postSolution
		{F1404DAC-CDFB-41E1-9B39-AA491914BA3E}.Debug|Any CPU.ActiveCfg = Debug|Any CPU
		{F1404DAC-CDFB-41E1-9B39-AA491914BA3E}.Debug|Any CPU.Build.0 = Debug|Any CPU
		{F1404DAC-CDFB-41E1-9B39-AA491914BA3E}.Release|Any CPU.ActiveCfg = Release|Any CPU
		{F1404DAC-CDFB-41E1-9B39-AA491914BA3E}.Release|Any CPU.Build.0 = Release|Any CPU
		{902F2839-879C-4721-A195-757DA60FCA64}.Debug|Any CPU.ActiveCfg = Debug|Any CPU
		{902F2839-879C-4721-A195-757DA60FCA64}.Debug|Any CPU.Build.0 = Debug|Any CPU
		{902F2839-879C-4721-A195-757DA60FCA64}.Release|Any CPU.ActiveCfg = Release|Any CPU
		{902F2839-879C-4721-A195-757DA60FCA64}.Release|Any CPU.Build.0 = Release|Any CPU
		{CBE13CA4-5EE1-4472-8E73-74F8F12D2E39}.Debug|Any CPU.ActiveCfg = Debug|Any CPU
		{CBE13CA4-5EE1-4472-8E73-74F8F12D2E39}.Debug|Any CPU.Build.0 = Debug|Any CPU
		{CBE13CA4-5EE1-4472-8E73-74F8F12D2E39}.Release|Any CPU.ActiveCfg = Release|Any CPU
		{CBE13CA4-5EE1-4472-8E73-74F8F12D2E39}.Release|Any CPU.Build.0 = Release|Any CPU
	EndGlobalSection
	GlobalSection(SolutionProperties) = preSolution
		HideSolutionNode = FALSE
	EndGlobalSection
	GlobalSection(ExtensibilityGlobals) = postSolution
		SolutionGuid = {E3E8609B-5318-403C-BE65-EF08DED1CBFC}
	EndGlobalSection
EndGlobal
