
Microsoft Visual Studio Solution File, Format Version 12.00
# Visual Studio 15
VisualStudioVersion = 15.0.28010.2036
MinimumVisualStudioVersion = 10.0.40219.1
Project("{FAE04EC0-301F-11D3-BF4B-00C04F79EFBC}") = "Q01_Stars", "Q01_Stars\Q01_Stars.csproj", "{9B0A6ED0-E313-4344-AAA5-C261EA52F5F9}"
EndProject
Project("{FAE04EC0-301F-11D3-BF4B-00C04F79EFBC}") = "Q06_MultiplesOfThree", "Q06_MultiplesOfThree\Q06_MultiplesOfThree.csproj", "{56DB2A19-DAD0-4394-BAEE-DF0F93DB0B28}"
EndProject
Project("{FAE04EC0-301F-11D3-BF4B-00C04F79EFBC}") = "Q11_Depreciation", "Q11_Depreciation\Q11_Depreciation.csproj", "{30FAF7C1-F550-40CA-A05E-98621A82BEAD}"
EndProject
Project("{FAE04EC0-301F-11D3-BF4B-00C04F79EFBC}") = "Q01_Evens_do_while", "Q01_Evens_do_while\Q01_Evens_do_while.csproj", "{ED244733-5CFC-47E7-986F-8E6379790BD1}"
EndProject
Project("{FAE04EC0-301F-11D3-BF4B-00C04F79EFBC}") = "Q01_Evens_while", "Q01_Evens_while\Q01_Evens_while.csproj", "{810C83A4-C56B-4490-B87D-4DAB747F37C2}"
EndProject
Project("{FAE04EC0-301F-11D3-BF4B-00C04F79EFBC}") = "Q01_Evens_for", "Q01_Evens_for\Q01_Evens_for.csproj", "{F43DF372-F5B3-4FF1-92B3-C163FBF28040}"
EndProject
Global
	GlobalSection(SolutionConfigurationPlatforms) = preSolution
		Debug|Any CPU = Debug|Any CPU
		Release|Any CPU = Release|Any CPU
	EndGlobalSection
	GlobalSection(ProjectConfigurationPlatforms) = postSolution
		{9B0A6ED0-E313-4344-AAA5-C261EA52F5F9}.Debug|Any CPU.ActiveCfg = Debug|Any CPU
		{9B0A6ED0-E313-4344-AAA5-C261EA52F5F9}.Debug|Any CPU.Build.0 = Debug|Any CPU
		{9B0A6ED0-E313-4344-AAA5-C261EA52F5F9}.Release|Any CPU.ActiveCfg = Release|Any CPU
		{9B0A6ED0-E313-4344-AAA5-C261EA52F5F9}.Release|Any CPU.Build.0 = Release|Any CPU
		{56DB2A19-DAD0-4394-BAEE-DF0F93DB0B28}.Debug|Any CPU.ActiveCfg = Debug|Any CPU
		{56DB2A19-DAD0-4394-BAEE-DF0F93DB0B28}.Debug|Any CPU.Build.0 = Debug|Any CPU
		{56DB2A19-DAD0-4394-BAEE-DF0F93DB0B28}.Release|Any CPU.ActiveCfg = Release|Any CPU
		{56DB2A19-DAD0-4394-BAEE-DF0F93DB0B28}.Release|Any CPU.Build.0 = Release|Any CPU
		{30FAF7C1-F550-40CA-A05E-98621A82BEAD}.Debug|Any CPU.ActiveCfg = Debug|Any CPU
		{30FAF7C1-F550-40CA-A05E-98621A82BEAD}.Debug|Any CPU.Build.0 = Debug|Any CPU
		{30FAF7C1-F550-40CA-A05E-98621A82BEAD}.Release|Any CPU.ActiveCfg = Release|Any CPU
		{30FAF7C1-F550-40CA-A05E-98621A82BEAD}.Release|Any CPU.Build.0 = Release|Any CPU
		{ED244733-5CFC-47E7-986F-8E6379790BD1}.Debug|Any CPU.ActiveCfg = Debug|Any CPU
		{ED244733-5CFC-47E7-986F-8E6379790BD1}.Debug|Any CPU.Build.0 = Debug|Any CPU
		{ED244733-5CFC-47E7-986F-8E6379790BD1}.Release|Any CPU.ActiveCfg = Release|Any CPU
		{ED244733-5CFC-47E7-986F-8E6379790BD1}.Release|Any CPU.Build.0 = Release|Any CPU
		{810C83A4-C56B-4490-B87D-4DAB747F37C2}.Debug|Any CPU.ActiveCfg = Debug|Any CPU
		{810C83A4-C56B-4490-B87D-4DAB747F37C2}.Debug|Any CPU.Build.0 = Debug|Any CPU
		{810C83A4-C56B-4490-B87D-4DAB747F37C2}.Release|Any CPU.ActiveCfg = Release|Any CPU
		{810C83A4-C56B-4490-B87D-4DAB747F37C2}.Release|Any CPU.Build.0 = Release|Any CPU
		{F43DF372-F5B3-4FF1-92B3-C163FBF28040}.Debug|Any CPU.ActiveCfg = Debug|Any CPU
		{F43DF372-F5B3-4FF1-92B3-C163FBF28040}.Debug|Any CPU.Build.0 = Debug|Any CPU
		{F43DF372-F5B3-4FF1-92B3-C163FBF28040}.Release|Any CPU.ActiveCfg = Release|Any CPU
		{F43DF372-F5B3-4FF1-92B3-C163FBF28040}.Release|Any CPU.Build.0 = Release|Any CPU
	EndGlobalSection
	GlobalSection(SolutionProperties) = preSolution
		HideSolutionNode = FALSE
	EndGlobalSection
	GlobalSection(ExtensibilityGlobals) = postSolution
		SolutionGuid = {FBD1D739-69A9-416B-92A4-87E923F0EECF}
	EndGlobalSection
EndGlobal
