
Microsoft Visual Studio Solution File, Format Version 12.00
# Visual Studio 15
VisualStudioVersion = 15.0.28010.2026
MinimumVisualStudioVersion = 10.0.40219.1
Project("{FAE04EC0-301F-11D3-BF4B-00C04F79EFBC}") = "Q3", "Week04\Q3.csproj", "{A12A5AD0-8354-42A8-8981-5E93A4058E9F}"
EndProject
Project("{FAE04EC0-301F-11D3-BF4B-00C04F79EFBC}") = "Q4", "Q4\Q4.csproj", "{54D30759-0279-4364-A164-4B884CF4E455}"
EndProject
Project("{FAE04EC0-301F-11D3-BF4B-00C04F79EFBC}") = "Q5", "Q5\Q5.csproj", "{3DE69B21-E35A-4D5C-A6E0-1308F424B5E0}"
EndProject
Project("{FAE04EC0-301F-11D3-BF4B-00C04F79EFBC}") = "Q6", "Q6\Q6.csproj", "{B5DC758B-A7AE-4CA2-A531-F56282D41D7E}"
EndProject
Project("{FAE04EC0-301F-11D3-BF4B-00C04F79EFBC}") = "Q7", "Q7\Q7.csproj", "{802FC672-FF60-4F91-939B-AB3BC780D550}"
EndProject
Global
	GlobalSection(SolutionConfigurationPlatforms) = preSolution
		Debug|Any CPU = Debug|Any CPU
		Release|Any CPU = Release|Any CPU
	EndGlobalSection
	GlobalSection(ProjectConfigurationPlatforms) = postSolution
		{A12A5AD0-8354-42A8-8981-5E93A4058E9F}.Debug|Any CPU.ActiveCfg = Debug|Any CPU
		{A12A5AD0-8354-42A8-8981-5E93A4058E9F}.Debug|Any CPU.Build.0 = Debug|Any CPU
		{A12A5AD0-8354-42A8-8981-5E93A4058E9F}.Release|Any CPU.ActiveCfg = Release|Any CPU
		{A12A5AD0-8354-42A8-8981-5E93A4058E9F}.Release|Any CPU.Build.0 = Release|Any CPU
		{54D30759-0279-4364-A164-4B884CF4E455}.Debug|Any CPU.ActiveCfg = Debug|Any CPU
		{54D30759-0279-4364-A164-4B884CF4E455}.Debug|Any CPU.Build.0 = Debug|Any CPU
		{54D30759-0279-4364-A164-4B884CF4E455}.Release|Any CPU.ActiveCfg = Release|Any CPU
		{54D30759-0279-4364-A164-4B884CF4E455}.Release|Any CPU.Build.0 = Release|Any CPU
		{3DE69B21-E35A-4D5C-A6E0-1308F424B5E0}.Debug|Any CPU.ActiveCfg = Debug|Any CPU
		{3DE69B21-E35A-4D5C-A6E0-1308F424B5E0}.Debug|Any CPU.Build.0 = Debug|Any CPU
		{3DE69B21-E35A-4D5C-A6E0-1308F424B5E0}.Release|Any CPU.ActiveCfg = Release|Any CPU
		{3DE69B21-E35A-4D5C-A6E0-1308F424B5E0}.Release|Any CPU.Build.0 = Release|Any CPU
		{B5DC758B-A7AE-4CA2-A531-F56282D41D7E}.Debug|Any CPU.ActiveCfg = Debug|Any CPU
		{B5DC758B-A7AE-4CA2-A531-F56282D41D7E}.Debug|Any CPU.Build.0 = Debug|Any CPU
		{B5DC758B-A7AE-4CA2-A531-F56282D41D7E}.Release|Any CPU.ActiveCfg = Release|Any CPU
		{B5DC758B-A7AE-4CA2-A531-F56282D41D7E}.Release|Any CPU.Build.0 = Release|Any CPU
		{802FC672-FF60-4F91-939B-AB3BC780D550}.Debug|Any CPU.ActiveCfg = Debug|Any CPU
		{802FC672-FF60-4F91-939B-AB3BC780D550}.Debug|Any CPU.Build.0 = Debug|Any CPU
		{802FC672-FF60-4F91-939B-AB3BC780D550}.Release|Any CPU.ActiveCfg = Release|Any CPU
		{802FC672-FF60-4F91-939B-AB3BC780D550}.Release|Any CPU.Build.0 = Release|Any CPU
	EndGlobalSection
	GlobalSection(SolutionProperties) = preSolution
		HideSolutionNode = FALSE
	EndGlobalSection
	GlobalSection(ExtensibilityGlobals) = postSolution
		SolutionGuid = {B51783D1-004A-49C0-AEA6-BE58D68C9CBA}
	EndGlobalSection
EndGlobal
