
Microsoft Visual Studio Solution File, Format Version 12.00
# Visual Studio 15
VisualStudioVersion = 15.0.28010.2036
MinimumVisualStudioVersion = 10.0.40219.1
Project("{FAE04EC0-301F-11D3-BF4B-00C04F79EFBC}") = "Exercise1", "Exercise1\Exercise1.csproj", "{CE2DF4C2-08B3-4184-9E9F-CD0EF3CF3F0A}"
EndProject
Project("{FAE04EC0-301F-11D3-BF4B-00C04F79EFBC}") = "Exercise2", "Excercise2\Exercise2.csproj", "{4BDF94FE-2B54-4D63-B60A-CBCDE9AE5EC8}"
EndProject
Global
	GlobalSection(SolutionConfigurationPlatforms) = preSolution
		Debug|Any CPU = Debug|Any CPU
		Release|Any CPU = Release|Any CPU
	EndGlobalSection
	GlobalSection(ProjectConfigurationPlatforms) = postSolution
		{CE2DF4C2-08B3-4184-9E9F-CD0EF3CF3F0A}.Debug|Any CPU.ActiveCfg = Debug|Any CPU
		{CE2DF4C2-08B3-4184-9E9F-CD0EF3CF3F0A}.Debug|Any CPU.Build.0 = Debug|Any CPU
		{CE2DF4C2-08B3-4184-9E9F-CD0EF3CF3F0A}.Release|Any CPU.ActiveCfg = Release|Any CPU
		{CE2DF4C2-08B3-4184-9E9F-CD0EF3CF3F0A}.Release|Any CPU.Build.0 = Release|Any CPU
		{4BDF94FE-2B54-4D63-B60A-CBCDE9AE5EC8}.Debug|Any CPU.ActiveCfg = Debug|Any CPU
		{4BDF94FE-2B54-4D63-B60A-CBCDE9AE5EC8}.Debug|Any CPU.Build.0 = Debug|Any CPU
		{4BDF94FE-2B54-4D63-B60A-CBCDE9AE5EC8}.Release|Any CPU.ActiveCfg = Release|Any CPU
		{4BDF94FE-2B54-4D63-B60A-CBCDE9AE5EC8}.Release|Any CPU.Build.0 = Release|Any CPU
	EndGlobalSection
	GlobalSection(SolutionProperties) = preSolution
		HideSolutionNode = FALSE
	EndGlobalSection
	GlobalSection(ExtensibilityGlobals) = postSolution
		SolutionGuid = {CD258CC8-F8BC-46E5-AE64-F3F5614B03C0}
	EndGlobalSection
EndGlobal
