
Microsoft Visual Studio Solution File, Format Version 12.00
# Visual Studio 15
VisualStudioVersion = 15.0.27130.2003
MinimumVisualStudioVersion = 10.0.40219.1
Project("{FAE04EC0-301F-11D3-BF4B-00C04F79EFBC}") = "Exercise-01", "Exercise-01\Exercise-01.csproj", "{A07915DB-F050-40D4-B101-AD55749610CD}"
EndProject
Project("{FAE04EC0-301F-11D3-BF4B-00C04F79EFBC}") = "Exercise-02", "Exercise-02\Exercise-02.csproj", "{1AED8A86-49B2-4B6A-B3ED-B72ADCBD317A}"
EndProject
Project("{FAE04EC0-301F-11D3-BF4B-00C04F79EFBC}") = "Exercise-03", "Exercise-03\Exercise-03.csproj", "{B9C5740C-6ADB-4F62-A527-F9537FD97D84}"
EndProject
Global
	GlobalSection(SolutionConfigurationPlatforms) = preSolution
		Debug|Any CPU = Debug|Any CPU
		Release|Any CPU = Release|Any CPU
	EndGlobalSection
	GlobalSection(ProjectConfigurationPlatforms) = postSolution
		{A07915DB-F050-40D4-B101-AD55749610CD}.Debug|Any CPU.ActiveCfg = Debug|Any CPU
		{A07915DB-F050-40D4-B101-AD55749610CD}.Debug|Any CPU.Build.0 = Debug|Any CPU
		{A07915DB-F050-40D4-B101-AD55749610CD}.Release|Any CPU.ActiveCfg = Release|Any CPU
		{A07915DB-F050-40D4-B101-AD55749610CD}.Release|Any CPU.Build.0 = Release|Any CPU
		{1AED8A86-49B2-4B6A-B3ED-B72ADCBD317A}.Debug|Any CPU.ActiveCfg = Debug|Any CPU
		{1AED8A86-49B2-4B6A-B3ED-B72ADCBD317A}.Debug|Any CPU.Build.0 = Debug|Any CPU
		{1AED8A86-49B2-4B6A-B3ED-B72ADCBD317A}.Release|Any CPU.ActiveCfg = Release|Any CPU
		{1AED8A86-49B2-4B6A-B3ED-B72ADCBD317A}.Release|Any CPU.Build.0 = Release|Any CPU
		{B9C5740C-6ADB-4F62-A527-F9537FD97D84}.Debug|Any CPU.ActiveCfg = Debug|Any CPU
		{B9C5740C-6ADB-4F62-A527-F9537FD97D84}.Debug|Any CPU.Build.0 = Debug|Any CPU
		{B9C5740C-6ADB-4F62-A527-F9537FD97D84}.Release|Any CPU.ActiveCfg = Release|Any CPU
		{B9C5740C-6ADB-4F62-A527-F9537FD97D84}.Release|Any CPU.Build.0 = Release|Any CPU
	EndGlobalSection
	GlobalSection(SolutionProperties) = preSolution
		HideSolutionNode = FALSE
	EndGlobalSection
	GlobalSection(ExtensibilityGlobals) = postSolution
		SolutionGuid = {00DC15E1-2768-4208-BAAB-027CF18F78BA}
	EndGlobalSection
EndGlobal
