
Microsoft Visual Studio Solution File, Format Version 12.00
# Visual Studio 15
VisualStudioVersion = 15.0.27130.2027
MinimumVisualStudioVersion = 10.0.40219.1
Project("{FAE04EC0-301F-11D3-BF4B-00C04F79EFBC}") = "Q1-1", "Q1\Q1-1.csproj", "{D7FF0695-C1E4-4F22-82F0-BE0C47A20317}"
EndProject
Project("{FAE04EC0-301F-11D3-BF4B-00C04F79EFBC}") = "Q1-2", "Q1-2\Q1-2.csproj", "{2594BF17-DAE7-4A6B-9252-B3D3F2B0B705}"
EndProject
Project("{FAE04EC0-301F-11D3-BF4B-00C04F79EFBC}") = "Q1-3", "Q1-3\Q1-3.csproj", "{81D291D1-F1EB-47F7-A1FE-89B0F47C1FBA}"
EndProject
Project("{FAE04EC0-301F-11D3-BF4B-00C04F79EFBC}") = "Q2-1", "Q2-1\Q2-1.csproj", "{6377073F-A24B-4114-93D9-48D99EC13D0B}"
EndProject
Project("{FAE04EC0-301F-11D3-BF4B-00C04F79EFBC}") = "Q2-2", "Q2-2\Q2-2.csproj", "{87F4111E-3170-4859-AF60-074E8A541ED0}"
EndProject
Project("{FAE04EC0-301F-11D3-BF4B-00C04F79EFBC}") = "Q2-3", "Q2-3\Q2-3.csproj", "{65CECEDC-B562-4C91-9AC5-8CC9E4D68D11}"
EndProject
Project("{FAE04EC0-301F-11D3-BF4B-00C04F79EFBC}") = "Q3-1", "Q3-1\Q3-1.csproj", "{DE4CEDAF-42B5-4751-AF95-154E32A418D8}"
EndProject
Project("{FAE04EC0-301F-11D3-BF4B-00C04F79EFBC}") = "Q3-2", "Q3-2\Q3-2.csproj", "{9BD9C484-CAF5-4FC8-9F1B-F56B99B293E1}"
EndProject
Project("{FAE04EC0-301F-11D3-BF4B-00C04F79EFBC}") = "Q3-3", "Q3-3\Q3-3.csproj", "{63BE17D0-D299-4E28-A185-884E6A659991}"
EndProject
Project("{FAE04EC0-301F-11D3-BF4B-00C04F79EFBC}") = "Q4-1", "Q4-1\Q4-1.csproj", "{0E5E8D0E-BBE8-4D05-B7C9-EEEAB024AD43}"
EndProject
Project("{FAE04EC0-301F-11D3-BF4B-00C04F79EFBC}") = "Q4-2", "Q4-2\Q4-2.csproj", "{ECAB7874-2E8C-44A2-A338-A1E8B38E2849}"
EndProject
Project("{FAE04EC0-301F-11D3-BF4B-00C04F79EFBC}") = "Q4-3", "Q4-3\Q4-3.csproj", "{AA81D825-3E05-4179-B877-D3131C9FDB50}"
EndProject
Project("{FAE04EC0-301F-11D3-BF4B-00C04F79EFBC}") = "Q5-1", "Q5-1\Q5-1.csproj", "{8F0153F9-3E96-43F0-A54B-4668E2DA5411}"
EndProject
Project("{FAE04EC0-301F-11D3-BF4B-00C04F79EFBC}") = "Q5-2", "Q5-2\Q5-2.csproj", "{78175A0C-7C9D-45EE-B8CE-D1865258C4DB}"
EndProject
Project("{FAE04EC0-301F-11D3-BF4B-00C04F79EFBC}") = "Q5-3", "Q5-3\Q5-3.csproj", "{64B6E378-B7FB-4014-A1A5-984FD0077B3C}"
EndProject
Project("{FAE04EC0-301F-11D3-BF4B-00C04F79EFBC}") = "Q6-1", "Q6-1\Q6-1.csproj", "{84A5B7B7-0717-4B0A-9CBD-E4601B2C3B21}"
EndProject
Project("{FAE04EC0-301F-11D3-BF4B-00C04F79EFBC}") = "Q6-2", "Q6-2\Q6-2.csproj", "{75AD5EB6-7FBF-4E0A-89B1-D5BF09F92EF4}"
EndProject
Project("{FAE04EC0-301F-11D3-BF4B-00C04F79EFBC}") = "Q6-3", "Q6-3\Q6-3.csproj", "{8BC4FFBE-91D0-4EF2-B04A-017D5901D74E}"
EndProject
Project("{FAE04EC0-301F-11D3-BF4B-00C04F79EFBC}") = "Q7-1", "Q7-1\Q7-1.csproj", "{E41A787B-561B-430E-8312-0D607E0A361C}"
EndProject
Project("{FAE04EC0-301F-11D3-BF4B-00C04F79EFBC}") = "Q7-2", "Q7-2\Q7-2.csproj", "{BECF403E-5293-4AC3-BCB3-D0EF51D39797}"
EndProject
Project("{FAE04EC0-301F-11D3-BF4B-00C04F79EFBC}") = "Q8-1", "Q8-1\Q8-1.csproj", "{46CE55C6-496E-47BB-9254-C72C820EAA5D}"
EndProject
Project("{FAE04EC0-301F-11D3-BF4B-00C04F79EFBC}") = "Q8-2", "Q8-2\Q8-2.csproj", "{B4000B90-BE66-46D2-8C38-24C8F3621346}"
EndProject
Project("{FAE04EC0-301F-11D3-BF4B-00C04F79EFBC}") = "Q9-1", "Q9-1\Q9-1.csproj", "{2E2899FB-7C15-43C2-819C-3DD9FFFCD7AE}"
EndProject
Project("{FAE04EC0-301F-11D3-BF4B-00C04F79EFBC}") = "Q9-2", "Q9-2\Q9-2.csproj", "{1D90C1EF-5FFA-41C0-83A4-1B4B2A81F5CC}"
EndProject
Project("{FAE04EC0-301F-11D3-BF4B-00C04F79EFBC}") = "Q10-1", "Q10-1\Q10-1.csproj", "{25BCE4CD-7BE6-4BBC-850B-58EC3D208E60}"
EndProject
Project("{FAE04EC0-301F-11D3-BF4B-00C04F79EFBC}") = "Q10-2", "Q10-2\Q10-2.csproj", "{2748E5BB-01E3-4DB0-9BE0-B5250BBFB3E7}"
EndProject
Project("{FAE04EC0-301F-11D3-BF4B-00C04F79EFBC}") = "Q11-1", "Q11-1\Q11-1.csproj", "{67ACB3D9-0032-4F1E-A7D2-C2B75F48BE0A}"
EndProject
Project("{FAE04EC0-301F-11D3-BF4B-00C04F79EFBC}") = "Q11-2", "Q11-2\Q11-2.csproj", "{887812A5-F36C-496E-A5F4-CADF490EEF3A}"
EndProject
Project("{FAE04EC0-301F-11D3-BF4B-00C04F79EFBC}") = "Q12", "Q12-1\Q12.csproj", "{D3AF37C6-0505-4C2C-ADEA-A8F2345BB0BE}"
EndProject
Global
	GlobalSection(SolutionConfigurationPlatforms) = preSolution
		Debug|Any CPU = Debug|Any CPU
		Release|Any CPU = Release|Any CPU
	EndGlobalSection
	GlobalSection(ProjectConfigurationPlatforms) = postSolution
		{D7FF0695-C1E4-4F22-82F0-BE0C47A20317}.Debug|Any CPU.ActiveCfg = Debug|Any CPU
		{D7FF0695-C1E4-4F22-82F0-BE0C47A20317}.Debug|Any CPU.Build.0 = Debug|Any CPU
		{D7FF0695-C1E4-4F22-82F0-BE0C47A20317}.Release|Any CPU.ActiveCfg = Release|Any CPU
		{D7FF0695-C1E4-4F22-82F0-BE0C47A20317}.Release|Any CPU.Build.0 = Release|Any CPU
		{2594BF17-DAE7-4A6B-9252-B3D3F2B0B705}.Debug|Any CPU.ActiveCfg = Debug|Any CPU
		{2594BF17-DAE7-4A6B-9252-B3D3F2B0B705}.Debug|Any CPU.Build.0 = Debug|Any CPU
		{2594BF17-DAE7-4A6B-9252-B3D3F2B0B705}.Release|Any CPU.ActiveCfg = Release|Any CPU
		{2594BF17-DAE7-4A6B-9252-B3D3F2B0B705}.Release|Any CPU.Build.0 = Release|Any CPU
		{81D291D1-F1EB-47F7-A1FE-89B0F47C1FBA}.Debug|Any CPU.ActiveCfg = Debug|Any CPU
		{81D291D1-F1EB-47F7-A1FE-89B0F47C1FBA}.Debug|Any CPU.Build.0 = Debug|Any CPU
		{81D291D1-F1EB-47F7-A1FE-89B0F47C1FBA}.Release|Any CPU.ActiveCfg = Release|Any CPU
		{81D291D1-F1EB-47F7-A1FE-89B0F47C1FBA}.Release|Any CPU.Build.0 = Release|Any CPU
		{6377073F-A24B-4114-93D9-48D99EC13D0B}.Debug|Any CPU.ActiveCfg = Debug|Any CPU
		{6377073F-A24B-4114-93D9-48D99EC13D0B}.Debug|Any CPU.Build.0 = Debug|Any CPU
		{6377073F-A24B-4114-93D9-48D99EC13D0B}.Release|Any CPU.ActiveCfg = Release|Any CPU
		{6377073F-A24B-4114-93D9-48D99EC13D0B}.Release|Any CPU.Build.0 = Release|Any CPU
		{87F4111E-3170-4859-AF60-074E8A541ED0}.Debug|Any CPU.ActiveCfg = Debug|Any CPU
		{87F4111E-3170-4859-AF60-074E8A541ED0}.Debug|Any CPU.Build.0 = Debug|Any CPU
		{87F4111E-3170-4859-AF60-074E8A541ED0}.Release|Any CPU.ActiveCfg = Release|Any CPU
		{87F4111E-3170-4859-AF60-074E8A541ED0}.Release|Any CPU.Build.0 = Release|Any CPU
		{65CECEDC-B562-4C91-9AC5-8CC9E4D68D11}.Debug|Any CPU.ActiveCfg = Debug|Any CPU
		{65CECEDC-B562-4C91-9AC5-8CC9E4D68D11}.Debug|Any CPU.Build.0 = Debug|Any CPU
		{65CECEDC-B562-4C91-9AC5-8CC9E4D68D11}.Release|Any CPU.ActiveCfg = Release|Any CPU
		{65CECEDC-B562-4C91-9AC5-8CC9E4D68D11}.Release|Any CPU.Build.0 = Release|Any CPU
		{DE4CEDAF-42B5-4751-AF95-154E32A418D8}.Debug|Any CPU.ActiveCfg = Debug|Any CPU
		{DE4CEDAF-42B5-4751-AF95-154E32A418D8}.Debug|Any CPU.Build.0 = Debug|Any CPU
		{DE4CEDAF-42B5-4751-AF95-154E32A418D8}.Release|Any CPU.ActiveCfg = Release|Any CPU
		{DE4CEDAF-42B5-4751-AF95-154E32A418D8}.Release|Any CPU.Build.0 = Release|Any CPU
		{9BD9C484-CAF5-4FC8-9F1B-F56B99B293E1}.Debug|Any CPU.ActiveCfg = Debug|Any CPU
		{9BD9C484-CAF5-4FC8-9F1B-F56B99B293E1}.Debug|Any CPU.Build.0 = Debug|Any CPU
		{9BD9C484-CAF5-4FC8-9F1B-F56B99B293E1}.Release|Any CPU.ActiveCfg = Release|Any CPU
		{9BD9C484-CAF5-4FC8-9F1B-F56B99B293E1}.Release|Any CPU.Build.0 = Release|Any CPU
		{63BE17D0-D299-4E28-A185-884E6A659991}.Debug|Any CPU.ActiveCfg = Debug|Any CPU
		{63BE17D0-D299-4E28-A185-884E6A659991}.Debug|Any CPU.Build.0 = Debug|Any CPU
		{63BE17D0-D299-4E28-A185-884E6A659991}.Release|Any CPU.ActiveCfg = Release|Any CPU
		{63BE17D0-D299-4E28-A185-884E6A659991}.Release|Any CPU.Build.0 = Release|Any CPU
		{0E5E8D0E-BBE8-4D05-B7C9-EEEAB024AD43}.Debug|Any CPU.ActiveCfg = Debug|Any CPU
		{0E5E8D0E-BBE8-4D05-B7C9-EEEAB024AD43}.Debug|Any CPU.Build.0 = Debug|Any CPU
		{0E5E8D0E-BBE8-4D05-B7C9-EEEAB024AD43}.Release|Any CPU.ActiveCfg = Release|Any CPU
		{0E5E8D0E-BBE8-4D05-B7C9-EEEAB024AD43}.Release|Any CPU.Build.0 = Release|Any CPU
		{ECAB7874-2E8C-44A2-A338-A1E8B38E2849}.Debug|Any CPU.ActiveCfg = Debug|Any CPU
		{ECAB7874-2E8C-44A2-A338-A1E8B38E2849}.Debug|Any CPU.Build.0 = Debug|Any CPU
		{ECAB7874-2E8C-44A2-A338-A1E8B38E2849}.Release|Any CPU.ActiveCfg = Release|Any CPU
		{ECAB7874-2E8C-44A2-A338-A1E8B38E2849}.Release|Any CPU.Build.0 = Release|Any CPU
		{AA81D825-3E05-4179-B877-D3131C9FDB50}.Debug|Any CPU.ActiveCfg = Debug|Any CPU
		{AA81D825-3E05-4179-B877-D3131C9FDB50}.Debug|Any CPU.Build.0 = Debug|Any CPU
		{AA81D825-3E05-4179-B877-D3131C9FDB50}.Release|Any CPU.ActiveCfg = Release|Any CPU
		{AA81D825-3E05-4179-B877-D3131C9FDB50}.Release|Any CPU.Build.0 = Release|Any CPU
		{8F0153F9-3E96-43F0-A54B-4668E2DA5411}.Debug|Any CPU.ActiveCfg = Debug|Any CPU
		{8F0153F9-3E96-43F0-A54B-4668E2DA5411}.Debug|Any CPU.Build.0 = Debug|Any CPU
		{8F0153F9-3E96-43F0-A54B-4668E2DA5411}.Release|Any CPU.ActiveCfg = Release|Any CPU
		{8F0153F9-3E96-43F0-A54B-4668E2DA5411}.Release|Any CPU.Build.0 = Release|Any CPU
		{78175A0C-7C9D-45EE-B8CE-D1865258C4DB}.Debug|Any CPU.ActiveCfg = Debug|Any CPU
		{78175A0C-7C9D-45EE-B8CE-D1865258C4DB}.Debug|Any CPU.Build.0 = Debug|Any CPU
		{78175A0C-7C9D-45EE-B8CE-D1865258C4DB}.Release|Any CPU.ActiveCfg = Release|Any CPU
		{78175A0C-7C9D-45EE-B8CE-D1865258C4DB}.Release|Any CPU.Build.0 = Release|Any CPU
		{64B6E378-B7FB-4014-A1A5-984FD0077B3C}.Debug|Any CPU.ActiveCfg = Debug|Any CPU
		{64B6E378-B7FB-4014-A1A5-984FD0077B3C}.Debug|Any CPU.Build.0 = Debug|Any CPU
		{64B6E378-B7FB-4014-A1A5-984FD0077B3C}.Release|Any CPU.ActiveCfg = Release|Any CPU
		{64B6E378-B7FB-4014-A1A5-984FD0077B3C}.Release|Any CPU.Build.0 = Release|Any CPU
		{84A5B7B7-0717-4B0A-9CBD-E4601B2C3B21}.Debug|Any CPU.ActiveCfg = Debug|Any CPU
		{84A5B7B7-0717-4B0A-9CBD-E4601B2C3B21}.Debug|Any CPU.Build.0 = Debug|Any CPU
		{84A5B7B7-0717-4B0A-9CBD-E4601B2C3B21}.Release|Any CPU.ActiveCfg = Release|Any CPU
		{84A5B7B7-0717-4B0A-9CBD-E4601B2C3B21}.Release|Any CPU.Build.0 = Release|Any CPU
		{75AD5EB6-7FBF-4E0A-89B1-D5BF09F92EF4}.Debug|Any CPU.ActiveCfg = Debug|Any CPU
		{75AD5EB6-7FBF-4E0A-89B1-D5BF09F92EF4}.Debug|Any CPU.Build.0 = Debug|Any CPU
		{75AD5EB6-7FBF-4E0A-89B1-D5BF09F92EF4}.Release|Any CPU.ActiveCfg = Release|Any CPU
		{75AD5EB6-7FBF-4E0A-89B1-D5BF09F92EF4}.Release|Any CPU.Build.0 = Release|Any CPU
		{8BC4FFBE-91D0-4EF2-B04A-017D5901D74E}.Debug|Any CPU.ActiveCfg = Debug|Any CPU
		{8BC4FFBE-91D0-4EF2-B04A-017D5901D74E}.Debug|Any CPU.Build.0 = Debug|Any CPU
		{8BC4FFBE-91D0-4EF2-B04A-017D5901D74E}.Release|Any CPU.ActiveCfg = Release|Any CPU
		{8BC4FFBE-91D0-4EF2-B04A-017D5901D74E}.Release|Any CPU.Build.0 = Release|Any CPU
		{E41A787B-561B-430E-8312-0D607E0A361C}.Debug|Any CPU.ActiveCfg = Debug|Any CPU
		{E41A787B-561B-430E-8312-0D607E0A361C}.Debug|Any CPU.Build.0 = Debug|Any CPU
		{E41A787B-561B-430E-8312-0D607E0A361C}.Release|Any CPU.ActiveCfg = Release|Any CPU
		{E41A787B-561B-430E-8312-0D607E0A361C}.Release|Any CPU.Build.0 = Release|Any CPU
		{BECF403E-5293-4AC3-BCB3-D0EF51D39797}.Debug|Any CPU.ActiveCfg = Debug|Any CPU
		{BECF403E-5293-4AC3-BCB3-D0EF51D39797}.Debug|Any CPU.Build.0 = Debug|Any CPU
		{BECF403E-5293-4AC3-BCB3-D0EF51D39797}.Release|Any CPU.ActiveCfg = Release|Any CPU
		{BECF403E-5293-4AC3-BCB3-D0EF51D39797}.Release|Any CPU.Build.0 = Release|Any CPU
		{46CE55C6-496E-47BB-9254-C72C820EAA5D}.Debug|Any CPU.ActiveCfg = Debug|Any CPU
		{46CE55C6-496E-47BB-9254-C72C820EAA5D}.Debug|Any CPU.Build.0 = Debug|Any CPU
		{46CE55C6-496E-47BB-9254-C72C820EAA5D}.Release|Any CPU.ActiveCfg = Release|Any CPU
		{46CE55C6-496E-47BB-9254-C72C820EAA5D}.Release|Any CPU.Build.0 = Release|Any CPU
		{B4000B90-BE66-46D2-8C38-24C8F3621346}.Debug|Any CPU.ActiveCfg = Debug|Any CPU
		{B4000B90-BE66-46D2-8C38-24C8F3621346}.Debug|Any CPU.Build.0 = Debug|Any CPU
		{B4000B90-BE66-46D2-8C38-24C8F3621346}.Release|Any CPU.ActiveCfg = Release|Any CPU
		{B4000B90-BE66-46D2-8C38-24C8F3621346}.Release|Any CPU.Build.0 = Release|Any CPU
		{2E2899FB-7C15-43C2-819C-3DD9FFFCD7AE}.Debug|Any CPU.ActiveCfg = Debug|Any CPU
		{2E2899FB-7C15-43C2-819C-3DD9FFFCD7AE}.Debug|Any CPU.Build.0 = Debug|Any CPU
		{2E2899FB-7C15-43C2-819C-3DD9FFFCD7AE}.Release|Any CPU.ActiveCfg = Release|Any CPU
		{2E2899FB-7C15-43C2-819C-3DD9FFFCD7AE}.Release|Any CPU.Build.0 = Release|Any CPU
		{1D90C1EF-5FFA-41C0-83A4-1B4B2A81F5CC}.Debug|Any CPU.ActiveCfg = Debug|Any CPU
		{1D90C1EF-5FFA-41C0-83A4-1B4B2A81F5CC}.Debug|Any CPU.Build.0 = Debug|Any CPU
		{1D90C1EF-5FFA-41C0-83A4-1B4B2A81F5CC}.Release|Any CPU.ActiveCfg = Release|Any CPU
		{1D90C1EF-5FFA-41C0-83A4-1B4B2A81F5CC}.Release|Any CPU.Build.0 = Release|Any CPU
		{25BCE4CD-7BE6-4BBC-850B-58EC3D208E60}.Debug|Any CPU.ActiveCfg = Debug|Any CPU
		{25BCE4CD-7BE6-4BBC-850B-58EC3D208E60}.Debug|Any CPU.Build.0 = Debug|Any CPU
		{25BCE4CD-7BE6-4BBC-850B-58EC3D208E60}.Release|Any CPU.ActiveCfg = Release|Any CPU
		{25BCE4CD-7BE6-4BBC-850B-58EC3D208E60}.Release|Any CPU.Build.0 = Release|Any CPU
		{2748E5BB-01E3-4DB0-9BE0-B5250BBFB3E7}.Debug|Any CPU.ActiveCfg = Debug|Any CPU
		{2748E5BB-01E3-4DB0-9BE0-B5250BBFB3E7}.Debug|Any CPU.Build.0 = Debug|Any CPU
		{2748E5BB-01E3-4DB0-9BE0-B5250BBFB3E7}.Release|Any CPU.ActiveCfg = Release|Any CPU
		{2748E5BB-01E3-4DB0-9BE0-B5250BBFB3E7}.Release|Any CPU.Build.0 = Release|Any CPU
		{67ACB3D9-0032-4F1E-A7D2-C2B75F48BE0A}.Debug|Any CPU.ActiveCfg = Debug|Any CPU
		{67ACB3D9-0032-4F1E-A7D2-C2B75F48BE0A}.Debug|Any CPU.Build.0 = Debug|Any CPU
		{67ACB3D9-0032-4F1E-A7D2-C2B75F48BE0A}.Release|Any CPU.ActiveCfg = Release|Any CPU
		{67ACB3D9-0032-4F1E-A7D2-C2B75F48BE0A}.Release|Any CPU.Build.0 = Release|Any CPU
		{887812A5-F36C-496E-A5F4-CADF490EEF3A}.Debug|Any CPU.ActiveCfg = Debug|Any CPU
		{887812A5-F36C-496E-A5F4-CADF490EEF3A}.Debug|Any CPU.Build.0 = Debug|Any CPU
		{887812A5-F36C-496E-A5F4-CADF490EEF3A}.Release|Any CPU.ActiveCfg = Release|Any CPU
		{887812A5-F36C-496E-A5F4-CADF490EEF3A}.Release|Any CPU.Build.0 = Release|Any CPU
		{D3AF37C6-0505-4C2C-ADEA-A8F2345BB0BE}.Debug|Any CPU.ActiveCfg = Debug|Any CPU
		{D3AF37C6-0505-4C2C-ADEA-A8F2345BB0BE}.Debug|Any CPU.Build.0 = Debug|Any CPU
		{D3AF37C6-0505-4C2C-ADEA-A8F2345BB0BE}.Release|Any CPU.ActiveCfg = Release|Any CPU
		{D3AF37C6-0505-4C2C-ADEA-A8F2345BB0BE}.Release|Any CPU.Build.0 = Release|Any CPU
	EndGlobalSection
	GlobalSection(SolutionProperties) = preSolution
		HideSolutionNode = FALSE
	EndGlobalSection
	GlobalSection(ExtensibilityGlobals) = postSolution
		SolutionGuid = {49D0417E-F097-4BEC-93A4-A3D4CEE71FC9}
	EndGlobalSection
EndGlobal
